
Microsoft Visual Studio Solution File, Format Version 12.00
# Visual Studio 15
VisualStudioVersion = 15.0.27703.2042
MinimumVisualStudioVersion = 10.0.40219.1
Project("{9A19103F-16F7-4668-BE54-9A1E7A4F7556}") = "Microservice-One-Producer", "Publisher\Microservice-One-Producer.csproj", "{F1871156-768A-4BF9-A837-EF1FEDE991F0}"
EndProject
Project("{9A19103F-16F7-4668-BE54-9A1E7A4F7556}") = "Microservice-Two-Consumer", "APIOne\Microservice-Two-Consumer.csproj", "{9B0F1335-0821-4773-8674-8CB12DF9D943}"
EndProject
Project("{9A19103F-16F7-4668-BE54-9A1E7A4F7556}") = "MessageBroker", "MessageBroker\MessageBroker.csproj", "{FF5F3F06-047F-4AFF-80A8-707113D8FF29}"
EndProject
Global
	GlobalSection(SolutionConfigurationPlatforms) = preSolution
		Debug|Any CPU = Debug|Any CPU
		Release|Any CPU = Release|Any CPU
	EndGlobalSection
	GlobalSection(ProjectConfigurationPlatforms) = postSolution
		{F1871156-768A-4BF9-A837-EF1FEDE991F0}.Debug|Any CPU.ActiveCfg = Debug|Any CPU
		{F1871156-768A-4BF9-A837-EF1FEDE991F0}.Debug|Any CPU.Build.0 = Debug|Any CPU
		{F1871156-768A-4BF9-A837-EF1FEDE991F0}.Release|Any CPU.ActiveCfg = Release|Any CPU
		{F1871156-768A-4BF9-A837-EF1FEDE991F0}.Release|Any CPU.Build.0 = Release|Any CPU
		{9B0F1335-0821-4773-8674-8CB12DF9D943}.Debug|Any CPU.ActiveCfg = Debug|Any CPU
		{9B0F1335-0821-4773-8674-8CB12DF9D943}.Debug|Any CPU.Build.0 = Debug|Any CPU
		{9B0F1335-0821-4773-8674-8CB12DF9D943}.Release|Any CPU.ActiveCfg = Release|Any CPU
		{9B0F1335-0821-4773-8674-8CB12DF9D943}.Release|Any CPU.Build.0 = Release|Any CPU
		{FF5F3F06-047F-4AFF-80A8-707113D8FF29}.Debug|Any CPU.ActiveCfg = Debug|Any CPU
		{FF5F3F06-047F-4AFF-80A8-707113D8FF29}.Debug|Any CPU.Build.0 = Debug|Any CPU
		{FF5F3F06-047F-4AFF-80A8-707113D8FF29}.Release|Any CPU.ActiveCfg = Release|Any CPU
		{FF5F3F06-047F-4AFF-80A8-707113D8FF29}.Release|Any CPU.Build.0 = Release|Any CPU
	EndGlobalSection
	GlobalSection(SolutionProperties) = preSolution
		HideSolutionNode = FALSE
	EndGlobalSection
	GlobalSection(ExtensibilityGlobals) = postSolution
		SolutionGuid = {31C97D21-08DF-439A-BA39-F5339BEF5884}
	EndGlobalSection
EndGlobal
